# This file is automatically @generated by Cargo.
# It is not intended for manual editing.
version = 4

[[package]]
name = "abe-sort"
version = "0.1.0"

[[package]]
name = "bakasort"
version = "0.1.0"

[[package]]
name = "bakasort-core"
version = "0.1.0"

[[package]]
name = "bogo-sort"
version = "0.1.0"

[[package]]
name = "bozo-sort"
version = "0.1.0"

[[package]]
name = "miracle-sort"
version = "0.1.0"

[[package]]
name = "sleep-sort"
version = "0.1.0"
